
Microsoft Visual Studio Solution File, Format Version 12.00
# Visual Studio Version 16
VisualStudioVersion = 16.0.31729.503
MinimumVisualStudioVersion = 10.0.40219.1
Project("{9A19103F-16F7-4668-BE54-9A1E7A4F7556}") = "FilmesApi", "FilmesApi\FilmesApi.csproj", "{72D01FA8-8588-4C92-BE84-AE322DCEDEB4}"
EndProject
Project("{FAE04EC0-301F-11D3-BF4B-00C04F79EFBC}") = "UsuariosApi", "UsuariosApi\UsuariosApi.csproj", "{DD0151B6-1967-402E-BEC6-A0CC04616E22}"
EndProject
Global
	GlobalSection(SolutionConfigurationPlatforms) = preSolution
		Debug|Any CPU = Debug|Any CPU
		Release|Any CPU = Release|Any CPU
	EndGlobalSection
	GlobalSection(ProjectConfigurationPlatforms) = postSolution
		{72D01FA8-8588-4C92-BE84-AE322DCEDEB4}.Debug|Any CPU.ActiveCfg = Debug|Any CPU
		{72D01FA8-8588-4C92-BE84-AE322DCEDEB4}.Debug|Any CPU.Build.0 = Debug|Any CPU
		{72D01FA8-8588-4C92-BE84-AE322DCEDEB4}.Release|Any CPU.ActiveCfg = Release|Any CPU
		{72D01FA8-8588-4C92-BE84-AE322DCEDEB4}.Release|Any CPU.Build.0 = Release|Any CPU
		{DD0151B6-1967-402E-BEC6-A0CC04616E22}.Debug|Any CPU.ActiveCfg = Debug|Any CPU
		{DD0151B6-1967-402E-BEC6-A0CC04616E22}.Debug|Any CPU.Build.0 = Debug|Any CPU
		{DD0151B6-1967-402E-BEC6-A0CC04616E22}.Release|Any CPU.ActiveCfg = Release|Any CPU
		{DD0151B6-1967-402E-BEC6-A0CC04616E22}.Release|Any CPU.Build.0 = Release|Any CPU
	EndGlobalSection
	GlobalSection(SolutionProperties) = preSolution
		HideSolutionNode = FALSE
	EndGlobalSection
	GlobalSection(ExtensibilityGlobals) = postSolution
		SolutionGuid = {950DD84F-236D-4F73-B370-A0C5C294C2FD}
	EndGlobalSection
EndGlobal
